<?xml version="1.0" encoding="utf-8"?>
<Project ToolsVersion="4.0" xmlns="http://schemas.microsoft.com/developer/msbuild/2003">
  <ItemGroup>
    <Filter Include="Viz">
      <UniqueIdentifier>{BE2E880B-2A38-887C-B3B3-9E7C1FBC937C}</UniqueIdentifier>
    </Filter>
  </ItemGroup>
  <ItemGroup>
    <ClInclude Include="src\Viz.h" />
    <ClInclude Include="src\Viz\Application.h">
      <Filter>Viz</Filter>
    </ClInclude>
    <ClInclude Include="src\Viz\Core.h">
      <Filter>Viz</Filter>
    </ClInclude>
    <ClInclude Include="src\Viz\EntryPoint.h">
      <Filter>Viz</Filter>
    </ClInclude>
    <ClInclude Include="src\Viz\Log.h">
      <Filter>Viz</Filter>
    </ClInclude>
  </ItemGroup>
  <ItemGroup>
    <ClCompile Include="src\Viz\Application.cpp">
      <Filter>Viz</Filter>
    </ClCompile>
    <ClCompile Include="src\Viz\Log.cpp">
      <Filter>Viz</Filter>
    </ClCompile>
  </ItemGroup>
</Project>